{
  "name": "mcpjam-inspector",
  "lockfileVersion": 3,
  "requires": true,
  "packages": {
    "": {
      "devDependencies": {
        "@types/dagre": "^0.7.54"
      }
    },
    "node_modules/@types/dagre": {
      "version": "0.7.54",
      "resolved": "https://registry.npmjs.org/@types/dagre/-/dagre-0.7.54.tgz",
      "integrity": "sha512-QjcRY+adGbYvBFS7cwv5txhVIwX1XXIUswWl+kSQTbI6NjgZydrZkEKX/etzVd7i+bCsCb40Z/xlBY5eoFuvWQ==",
      "dev": true,
      "license": "MIT"
    }
  }
}
